
Microsoft Visual Studio Solution File, Format Version 12.00
# Visual Studio Version 17
VisualStudioVersion = 17.0.31903.59
MinimumVisualStudioVersion = 10.0.40219.1
Project("{2150E333-8FDC-42A3-9474-1A3956D46DE8}") = "src", "src", "{827E0CD3-B72D-47B6-A68D-7590B98EB39B}"
EndProject
Project("{FAE04EC0-301F-11D3-BF4B-00C04F79EFBC}") = "Ivr.Api", "src\Ivr.Api\Ivr.Api.csproj", "{1A95EEE4-323B-4625-B65A-31582A71AF2A}"
EndProject
Project("{FAE04EC0-301F-11D3-BF4B-00C04F79EFBC}") = "Ivr.Worker", "src\Ivr.Worker\Ivr.Worker.csproj", "{6A2ED390-8D33-40E9-B677-BF6DE1D07A33}"
EndProject
Project("{FAE04EC0-301F-11D3-BF4B-00C04F79EFBC}") = "Ivr.Domain", "src\Ivr.Domain\Ivr.Domain.csproj", "{B3DFB122-5831-4DF7-A059-4FEC6D058E77}"
EndProject
Project("{FAE04EC0-301F-11D3-BF4B-00C04F79EFBC}") = "Ivr.Infrastructure", "src\Ivr.Infrastructure\Ivr.Infrastructure.csproj", "{A605316C-8A31-4BA4-893E-F82B5DB755EB}"
EndProject
Project("{FAE04EC0-301F-11D3-BF4B-00C04F79EFBC}") = "Ivr.Contracts", "src\Ivr.Contracts\Ivr.Contracts.csproj", "{DA0B31D9-9099-46D3-B3C8-8DFFEDC85A20}"
EndProject
Project("{2150E333-8FDC-42A3-9474-1A3956D46DE8}") = "tests", "tests", "{0AB3BF05-4346-4AA6-1389-037BE0695223}"
EndProject
Project("{FAE04EC0-301F-11D3-BF4B-00C04F79EFBC}") = "Ivr.UnitTests", "tests\Ivr.UnitTests\Ivr.UnitTests.csproj", "{29580A5C-0E50-4C84-97D0-2647E5761F90}"
EndProject
Project("{FAE04EC0-301F-11D3-BF4B-00C04F79EFBC}") = "Ivr.IntegrationTests", "tests\Ivr.IntegrationTests\Ivr.IntegrationTests.csproj", "{20BAD97D-81EC-43AA-8E6C-2F4FCA1D699B}"
EndProject
Project("{FAE04EC0-301F-11D3-BF4B-00C04F79EFBC}") = "Ivr.ContractTests", "tests\Ivr.ContractTests\Ivr.ContractTests.csproj", "{982BB511-1A53-4CC5-8BE3-D928784EAB53}"
EndProject
Global
	GlobalSection(SolutionConfigurationPlatforms) = preSolution
		Debug|Any CPU = Debug|Any CPU
		Debug|x64 = Debug|x64
		Debug|x86 = Debug|x86
		Release|Any CPU = Release|Any CPU
		Release|x64 = Release|x64
		Release|x86 = Release|x86
	EndGlobalSection
	GlobalSection(ProjectConfigurationPlatforms) = postSolution
		{1A95EEE4-323B-4625-B65A-31582A71AF2A}.Debug|Any CPU.ActiveCfg = Debug|Any CPU
		{1A95EEE4-323B-4625-B65A-31582A71AF2A}.Debug|Any CPU.Build.0 = Debug|Any CPU
		{1A95EEE4-323B-4625-B65A-31582A71AF2A}.Debug|x64.ActiveCfg = Debug|Any CPU
		{1A95EEE4-323B-4625-B65A-31582A71AF2A}.Debug|x64.Build.0 = Debug|Any CPU
		{1A95EEE4-323B-4625-B65A-31582A71AF2A}.Debug|x86.ActiveCfg = Debug|Any CPU
		{1A95EEE4-323B-4625-B65A-31582A71AF2A}.Debug|x86.Build.0 = Debug|Any CPU
		{1A95EEE4-323B-4625-B65A-31582A71AF2A}.Release|Any CPU.ActiveCfg = Release|Any CPU
		{1A95EEE4-323B-4625-B65A-31582A71AF2A}.Release|Any CPU.Build.0 = Release|Any CPU
		{1A95EEE4-323B-4625-B65A-31582A71AF2A}.Release|x64.ActiveCfg = Release|Any CPU
		{1A95EEE4-323B-4625-B65A-31582A71AF2A}.Release|x64.Build.0 = Release|Any CPU
		{1A95EEE4-323B-4625-B65A-31582A71AF2A}.Release|x86.ActiveCfg = Release|Any CPU
		{1A95EEE4-323B-4625-B65A-31582A71AF2A}.Release|x86.Build.0 = Release|Any CPU
		{6A2ED390-8D33-40E9-B677-BF6DE1D07A33}.Debug|Any CPU.ActiveCfg = Debug|Any CPU
		{6A2ED390-8D33-40E9-B677-BF6DE1D07A33}.Debug|Any CPU.Build.0 = Debug|Any CPU
		{6A2ED390-8D33-40E9-B677-BF6DE1D07A33}.Debug|x64.ActiveCfg = Debug|Any CPU
		{6A2ED390-8D33-40E9-B677-BF6DE1D07A33}.Debug|x64.Build.0 = Debug|Any CPU
		{6A2ED390-8D33-40E9-B677-BF6DE1D07A33}.Debug|x86.ActiveCfg = Debug|Any CPU
		{6A2ED390-8D33-40E9-B677-BF6DE1D07A33}.Debug|x86.Build.0 = Debug|Any CPU
		{6A2ED390-8D33-40E9-B677-BF6DE1D07A33}.Release|Any CPU.ActiveCfg = Release|Any CPU
		{6A2ED390-8D33-40E9-B677-BF6DE1D07A33}.Release|Any CPU.Build.0 = Release|Any CPU
		{6A2ED390-8D33-40E9-B677-BF6DE1D07A33}.Release|x64.ActiveCfg = Release|Any CPU
		{6A2ED390-8D33-40E9-B677-BF6DE1D07A33}.Release|x64.Build.0 = Release|Any CPU
		{6A2ED390-8D33-40E9-B677-BF6DE1D07A33}.Release|x86.ActiveCfg = Release|Any CPU
		{6A2ED390-8D33-40E9-B677-BF6DE1D07A33}.Release|x86.Build.0 = Release|Any CPU
		{B3DFB122-5831-4DF7-A059-4FEC6D058E77}.Debug|Any CPU.ActiveCfg = Debug|Any CPU
		{B3DFB122-5831-4DF7-A059-4FEC6D058E77}.Debug|Any CPU.Build.0 = Debug|Any CPU
		{B3DFB122-5831-4DF7-A059-4FEC6D058E77}.Debug|x64.ActiveCfg = Debug|Any CPU
		{B3DFB122-5831-4DF7-A059-4FEC6D058E77}.Debug|x64.Build.0 = Debug|Any CPU
		{B3DFB122-5831-4DF7-A059-4FEC6D058E77}.Debug|x86.ActiveCfg = Debug|Any CPU
		{B3DFB122-5831-4DF7-A059-4FEC6D058E77}.Debug|x86.Build.0 = Debug|Any CPU
		{B3DFB122-5831-4DF7-A059-4FEC6D058E77}.Release|Any CPU.ActiveCfg = Release|Any CPU
		{B3DFB122-5831-4DF7-A059-4FEC6D058E77}.Release|Any CPU.Build.0 = Release|Any CPU
		{B3DFB122-5831-4DF7-A059-4FEC6D058E77}.Release|x64.ActiveCfg = Release|Any CPU
		{B3DFB122-5831-4DF7-A059-4FEC6D058E77}.Release|x64.Build.0 = Release|Any CPU
		{B3DFB122-5831-4DF7-A059-4FEC6D058E77}.Release|x86.ActiveCfg = Release|Any CPU
		{B3DFB122-5831-4DF7-A059-4FEC6D058E77}.Release|x86.Build.0 = Release|Any CPU
		{A605316C-8A31-4BA4-893E-F82B5DB755EB}.Debug|Any CPU.ActiveCfg = Debug|Any CPU
		{A605316C-8A31-4BA4-893E-F82B5DB755EB}.Debug|Any CPU.Build.0 = Debug|Any CPU
		{A605316C-8A31-4BA4-893E-F82B5DB755EB}.Debug|x64.ActiveCfg = Debug|Any CPU
		{A605316C-8A31-4BA4-893E-F82B5DB755EB}.Debug|x64.Build.0 = Debug|Any CPU
		{A605316C-8A31-4BA4-893E-F82B5DB755EB}.Debug|x86.ActiveCfg = Debug|Any CPU
		{A605316C-8A31-4BA4-893E-F82B5DB755EB}.Debug|x86.Build.0 = Debug|Any CPU
		{A605316C-8A31-4BA4-893E-F82B5DB755EB}.Release|Any CPU.ActiveCfg = Release|Any CPU
		{A605316C-8A31-4BA4-893E-F82B5DB755EB}.Release|Any CPU.Build.0 = Release|Any CPU
		{A605316C-8A31-4BA4-893E-F82B5DB755EB}.Release|x64.ActiveCfg = Release|Any CPU
		{A605316C-8A31-4BA4-893E-F82B5DB755EB}.Release|x64.Build.0 = Release|Any CPU
		{A605316C-8A31-4BA4-893E-F82B5DB755EB}.Release|x86.ActiveCfg = Release|Any CPU
		{A605316C-8A31-4BA4-893E-F82B5DB755EB}.Release|x86.Build.0 = Release|Any CPU
		{DA0B31D9-9099-46D3-B3C8-8DFFEDC85A20}.Debug|Any CPU.ActiveCfg = Debug|Any CPU
		{DA0B31D9-9099-46D3-B3C8-8DFFEDC85A20}.Debug|Any CPU.Build.0 = Debug|Any CPU
		{DA0B31D9-9099-46D3-B3C8-8DFFEDC85A20}.Debug|x64.ActiveCfg = Debug|Any CPU
		{DA0B31D9-9099-46D3-B3C8-8DFFEDC85A20}.Debug|x64.Build.0 = Debug|Any CPU
		{DA0B31D9-9099-46D3-B3C8-8DFFEDC85A20}.Debug|x86.ActiveCfg = Debug|Any CPU
		{DA0B31D9-9099-46D3-B3C8-8DFFEDC85A20}.Debug|x86.Build.0 = Debug|Any CPU
		{DA0B31D9-9099-46D3-B3C8-8DFFEDC85A20}.Release|Any CPU.ActiveCfg = Release|Any CPU
		{DA0B31D9-9099-46D3-B3C8-8DFFEDC85A20}.Release|Any CPU.Build.0 = Release|Any CPU
		{DA0B31D9-9099-46D3-B3C8-8DFFEDC85A20}.Release|x64.ActiveCfg = Release|Any CPU
		{DA0B31D9-9099-46D3-B3C8-8DFFEDC85A20}.Release|x64.Build.0 = Release|Any CPU
		{DA0B31D9-9099-46D3-B3C8-8DFFEDC85A20}.Release|x86.ActiveCfg = Release|Any CPU
		{DA0B31D9-9099-46D3-B3C8-8DFFEDC85A20}.Release|x86.Build.0 = Release|Any CPU
		{29580A5C-0E50-4C84-97D0-2647E5761F90}.Debug|Any CPU.ActiveCfg = Debug|Any CPU
		{29580A5C-0E50-4C84-97D0-2647E5761F90}.Debug|Any CPU.Build.0 = Debug|Any CPU
		{29580A5C-0E50-4C84-97D0-2647E5761F90}.Debug|x64.ActiveCfg = Debug|Any CPU
		{29580A5C-0E50-4C84-97D0-2647E5761F90}.Debug|x64.Build.0 = Debug|Any CPU
		{29580A5C-0E50-4C84-97D0-2647E5761F90}.Debug|x86.ActiveCfg = Debug|Any CPU
		{29580A5C-0E50-4C84-97D0-2647E5761F90}.Debug|x86.Build.0 = Debug|Any CPU
		{29580A5C-0E50-4C84-97D0-2647E5761F90}.Release|Any CPU.ActiveCfg = Release|Any CPU
		{29580A5C-0E50-4C84-97D0-2647E5761F90}.Release|Any CPU.Build.0 = Release|Any CPU
		{29580A5C-0E50-4C84-97D0-2647E5761F90}.Release|x64.ActiveCfg = Release|Any CPU
		{29580A5C-0E50-4C84-97D0-2647E5761F90}.Release|x64.Build.0 = Release|Any CPU
		{29580A5C-0E50-4C84-97D0-2647E5761F90}.Release|x86.ActiveCfg = Release|Any CPU
		{29580A5C-0E50-4C84-97D0-2647E5761F90}.Release|x86.Build.0 = Release|Any CPU
		{20BAD97D-81EC-43AA-8E6C-2F4FCA1D699B}.Debug|Any CPU.ActiveCfg = Debug|Any CPU
		{20BAD97D-81EC-43AA-8E6C-2F4FCA1D699B}.Debug|Any CPU.Build.0 = Debug|Any CPU
		{20BAD97D-81EC-43AA-8E6C-2F4FCA1D699B}.Debug|x64.ActiveCfg = Debug|Any CPU
		{20BAD97D-81EC-43AA-8E6C-2F4FCA1D699B}.Debug|x64.Build.0 = Debug|Any CPU
		{20BAD97D-81EC-43AA-8E6C-2F4FCA1D699B}.Debug|x86.ActiveCfg = Debug|Any CPU
		{20BAD97D-81EC-43AA-8E6C-2F4FCA1D699B}.Debug|x86.Build.0 = Debug|Any CPU
		{20BAD97D-81EC-43AA-8E6C-2F4FCA1D699B}.Release|Any CPU.ActiveCfg = Release|Any CPU
		{20BAD97D-81EC-43AA-8E6C-2F4FCA1D699B}.Release|Any CPU.Build.0 = Release|Any CPU
		{20BAD97D-81EC-43AA-8E6C-2F4FCA1D699B}.Release|x64.ActiveCfg = Release|Any CPU
		{20BAD97D-81EC-43AA-8E6C-2F4FCA1D699B}.Release|x64.Build.0 = Release|Any CPU
		{20BAD97D-81EC-43AA-8E6C-2F4FCA1D699B}.Release|x86.ActiveCfg = Release|Any CPU
		{20BAD97D-81EC-43AA-8E6C-2F4FCA1D699B}.Release|x86.Build.0 = Release|Any CPU
		{982BB511-1A53-4CC5-8BE3-D928784EAB53}.Debug|Any CPU.ActiveCfg = Debug|Any CPU
		{982BB511-1A53-4CC5-8BE3-D928784EAB53}.Debug|Any CPU.Build.0 = Debug|Any CPU
		{982BB511-1A53-4CC5-8BE3-D928784EAB53}.Debug|x64.ActiveCfg = Debug|Any CPU
		{982BB511-1A53-4CC5-8BE3-D928784EAB53}.Debug|x64.Build.0 = Debug|Any CPU
		{982BB511-1A53-4CC5-8BE3-D928784EAB53}.Debug|x86.ActiveCfg = Debug|Any CPU
		{982BB511-1A53-4CC5-8BE3-D928784EAB53}.Debug|x86.Build.0 = Debug|Any CPU
		{982BB511-1A53-4CC5-8BE3-D928784EAB53}.Release|Any CPU.ActiveCfg = Release|Any CPU
		{982BB511-1A53-4CC5-8BE3-D928784EAB53}.Release|Any CPU.Build.0 = Release|Any CPU
		{982BB511-1A53-4CC5-8BE3-D928784EAB53}.Release|x64.ActiveCfg = Release|Any CPU
		{982BB511-1A53-4CC5-8BE3-D928784EAB53}.Release|x64.Build.0 = Release|Any CPU
		{982BB511-1A53-4CC5-8BE3-D928784EAB53}.Release|x86.ActiveCfg = Release|Any CPU
		{982BB511-1A53-4CC5-8BE3-D928784EAB53}.Release|x86.Build.0 = Release|Any CPU
	EndGlobalSection
	GlobalSection(SolutionProperties) = preSolution
		HideSolutionNode = FALSE
	EndGlobalSection
	GlobalSection(NestedProjects) = preSolution
		{1A95EEE4-323B-4625-B65A-31582A71AF2A} = {827E0CD3-B72D-47B6-A68D-7590B98EB39B}
		{6A2ED390-8D33-40E9-B677-BF6DE1D07A33} = {827E0CD3-B72D-47B6-A68D-7590B98EB39B}
		{B3DFB122-5831-4DF7-A059-4FEC6D058E77} = {827E0CD3-B72D-47B6-A68D-7590B98EB39B}
		{A605316C-8A31-4BA4-893E-F82B5DB755EB} = {827E0CD3-B72D-47B6-A68D-7590B98EB39B}
		{DA0B31D9-9099-46D3-B3C8-8DFFEDC85A20} = {827E0CD3-B72D-47B6-A68D-7590B98EB39B}
		{29580A5C-0E50-4C84-97D0-2647E5761F90} = {0AB3BF05-4346-4AA6-1389-037BE0695223}
		{20BAD97D-81EC-43AA-8E6C-2F4FCA1D699B} = {0AB3BF05-4346-4AA6-1389-037BE0695223}
		{982BB511-1A53-4CC5-8BE3-D928784EAB53} = {0AB3BF05-4346-4AA6-1389-037BE0695223}
	EndGlobalSection
EndGlobal
