{
  "schema_version": 1,
  "work_id": "W-0122",
  "created_at": "2026-08-27",
  "status": "DRAFT_NONPROD_VERIFIED_RELEASE_BLOCKED",
  "source_commit": "36c4b501b0634a8f59805e6b529a058fbd30190b",
  "source_tree": "16632c30c2484aa4f86c8cde68a074192bd52736",
  "voice_manifest_sha256": "574e6acf03823c4cafdc43f106731ce5fce6de30228fe383831b8b9064ee0bd8",
  "dependency_lock_sha256": "f04d0713ee2e0041fae1234064fad0f22958be712f852fc6464e1beb3a724b4e",
  "legal_gate": {
    "status": "OWNER_DATA_REQUIRED",
    "reason": "Both model repositories declare apache-2.0 in model-card metadata but neither pinned revision contains a LICENSE file. Training-data and exact preset commercial-use review are also unresolved."
  },
  "internal_mirror_gate": {
    "status": "OWNER_DATA_REQUIRED",
    "reason": "No owner-approved internal artifact or OCI mirror URI/digest has been supplied."
  },
  "artifacts": [
    {
      "component": "vieneu_model_card",
      "runtime_required": false,
      "model_repo": "pnnbao-ump/VieNeu-TTS-v3-Turbo",
      "full_revision": "2da0efab622a1722125991736524f080b751ef5b",
      "allowed_file_path": "README.md",
      "bundle_path": "metadata/vieneu-model-card.md",
      "size_bytes": 13318,
      "sha256": "f8a7927b5a6f27d1ab54c63a22a3c010f8622b006c3239a691bcd014b108b2b7",
      "declared_spdx": "Apache-2.0",
      "license_file_sha256": null,
      "voice_manifest_sha256": "574e6acf03823c4cafdc43f106731ce5fce6de30228fe383831b8b9064ee0bd8",
      "dependency_lock_sha256": "f04d0713ee2e0041fae1234064fad0f22958be712f852fc6464e1beb3a724b4e",
      "internal_mirror_uri": null,
      "internal_mirror_digest": null
    },
    {
      "component": "vieneu_backbone",
      "runtime_required": true,
      "model_repo": "pnnbao-ump/VieNeu-TTS-v3-Turbo",
      "full_revision": "2da0efab622a1722125991736524f080b751ef5b",
      "allowed_file_path": "onnx_int8/config.json",
      "bundle_path": "vieneu/onnx_int8/config.json",
      "size_bytes": 2152,
      "sha256": "a9f8d9c4b4736448ab355d1a98cfe48f5e39aecf2916c37b0806c228612e9a2d",
      "declared_spdx": "Apache-2.0",
      "license_file_sha256": null,
      "voice_manifest_sha256": "574e6acf03823c4cafdc43f106731ce5fce6de30228fe383831b8b9064ee0bd8",
      "dependency_lock_sha256": "f04d0713ee2e0041fae1234064fad0f22958be712f852fc6464e1beb3a724b4e",
      "internal_mirror_uri": null,
      "internal_mirror_digest": null
    },
    {
      "component": "vieneu_backbone",
      "runtime_required": true,
      "model_repo": "pnnbao-ump/VieNeu-TTS-v3-Turbo",
      "full_revision": "2da0efab622a1722125991736524f080b751ef5b",
      "allowed_file_path": "onnx_int8/tokenizer.json",
      "bundle_path": "vieneu/onnx_int8/tokenizer.json",
      "size_bytes": 22320,
      "sha256": "6cc6bcbe380b8c37bd9f2514e37c5dfa3e00e122c6e3125dae5c4afe48e39158",
      "declared_spdx": "Apache-2.0",
      "license_file_sha256": null,
      "voice_manifest_sha256": "574e6acf03823c4cafdc43f106731ce5fce6de30228fe383831b8b9064ee0bd8",
      "dependency_lock_sha256": "f04d0713ee2e0041fae1234064fad0f22958be712f852fc6464e1beb3a724b4e",
      "internal_mirror_uri": null,
      "internal_mirror_digest": null
    },
    {
      "component": "vieneu_backbone",
      "runtime_required": true,
      "model_repo": "pnnbao-ump/VieNeu-TTS-v3-Turbo",
      "full_revision": "2da0efab622a1722125991736524f080b751ef5b",
      "allowed_file_path": "onnx_int8/vieneu_acoustic_cached.onnx",
      "bundle_path": "vieneu/onnx_int8/vieneu_acoustic_cached.onnx",
      "size_bytes": 7207223,
      "sha256": "8f2d7306a35c6128793838f39c4c2da2c176e243bd63f0963c56bbf0376c3939",
      "declared_spdx": "Apache-2.0",
      "license_file_sha256": null,
      "voice_manifest_sha256": "574e6acf03823c4cafdc43f106731ce5fce6de30228fe383831b8b9064ee0bd8",
      "dependency_lock_sha256": "f04d0713ee2e0041fae1234064fad0f22958be712f852fc6464e1beb3a724b4e",
      "internal_mirror_uri": null,
      "internal_mirror_digest": null
    },
    {
      "component": "vieneu_backbone",
      "runtime_required": true,
      "model_repo": "pnnbao-ump/VieNeu-TTS-v3-Turbo",
      "full_revision": "2da0efab622a1722125991736524f080b751ef5b",
      "allowed_file_path": "onnx_int8/vieneu_backbone_shared.data",
      "bundle_path": "vieneu/onnx_int8/vieneu_backbone_shared.data",
      "size_bytes": 103891968,
      "sha256": "429bfddd585b7a1907c7c9c944b3d91bc4da8b91f1f9982353351357140fd08f",
      "declared_spdx": "Apache-2.0",
      "license_file_sha256": null,
      "voice_manifest_sha256": "574e6acf03823c4cafdc43f106731ce5fce6de30228fe383831b8b9064ee0bd8",
      "dependency_lock_sha256": "f04d0713ee2e0041fae1234064fad0f22958be712f852fc6464e1beb3a724b4e",
      "internal_mirror_uri": null,
      "internal_mirror_digest": null
    },
    {
      "component": "vieneu_backbone",
      "runtime_required": true,
      "model_repo": "pnnbao-ump/VieNeu-TTS-v3-Turbo",
      "full_revision": "2da0efab622a1722125991736524f080b751ef5b",
      "allowed_file_path": "onnx_int8/vieneu_decode_step.onnx",
      "bundle_path": "vieneu/onnx_int8/vieneu_decode_step.onnx",
      "size_bytes": 1062040,
      "sha256": "8346ce8fefa3635a2dcd29b6f8a5cb23c7acfd5da9dfad54090b0f9b797c4b5a",
      "declared_spdx": "Apache-2.0",
      "license_file_sha256": null,
      "voice_manifest_sha256": "574e6acf03823c4cafdc43f106731ce5fce6de30228fe383831b8b9064ee0bd8",
      "dependency_lock_sha256": "f04d0713ee2e0041fae1234064fad0f22958be712f852fc6464e1beb3a724b4e",
      "internal_mirror_uri": null,
      "internal_mirror_digest": null
    },
    {
      "component": "vieneu_backbone",
      "runtime_required": true,
      "model_repo": "pnnbao-ump/VieNeu-TTS-v3-Turbo",
      "full_revision": "2da0efab622a1722125991736524f080b751ef5b",
      "allowed_file_path": "onnx_int8/vieneu_prefill.onnx",
      "bundle_path": "vieneu/onnx_int8/vieneu_prefill.onnx",
      "size_bytes": 1090823,
      "sha256": "bc45488bd7802cd0e5d65cc427e9124e1a15b8b7e9fd86d37a3d16f1e847de4d",
      "declared_spdx": "Apache-2.0",
      "license_file_sha256": null,
      "voice_manifest_sha256": "574e6acf03823c4cafdc43f106731ce5fce6de30228fe383831b8b9064ee0bd8",
      "dependency_lock_sha256": "f04d0713ee2e0041fae1234064fad0f22958be712f852fc6464e1beb3a724b4e",
      "internal_mirror_uri": null,
      "internal_mirror_digest": null
    },
    {
      "component": "vieneu_backbone",
      "runtime_required": true,
      "model_repo": "pnnbao-ump/VieNeu-TTS-v3-Turbo",
      "full_revision": "2da0efab622a1722125991736524f080b751ef5b",
      "allowed_file_path": "onnx_int8/vieneu_v3_heads.npz",
      "bundle_path": "vieneu/onnx_int8/vieneu_v3_heads.npz",
      "size_bytes": 52219622,
      "sha256": "19ee6dd56530d7842c81fbd855f3d89440e2c3121e11f7e6ced447a559da585a",
      "declared_spdx": "Apache-2.0",
      "license_file_sha256": null,
      "voice_manifest_sha256": "574e6acf03823c4cafdc43f106731ce5fce6de30228fe383831b8b9064ee0bd8",
      "dependency_lock_sha256": "f04d0713ee2e0041fae1234064fad0f22958be712f852fc6464e1beb3a724b4e",
      "internal_mirror_uri": null,
      "internal_mirror_digest": null
    },
    {
      "component": "moss_codec_model_card",
      "runtime_required": false,
      "model_repo": "OpenMOSS-Team/MOSS-Audio-Tokenizer-Nano-ONNX",
      "full_revision": "ceff0d0749bfb3fa2d61149794ec6feef0d1e1ae",
      "allowed_file_path": "README.md",
      "bundle_path": "metadata/moss-codec-model-card.md",
      "size_bytes": 4892,
      "sha256": "3c7b9e9ef1c8c5e5c829a077a1d32c1f7aea1668f2bf17ead318ff04bf1e6fe4",
      "declared_spdx": "Apache-2.0",
      "license_file_sha256": null,
      "voice_manifest_sha256": "574e6acf03823c4cafdc43f106731ce5fce6de30228fe383831b8b9064ee0bd8",
      "dependency_lock_sha256": "f04d0713ee2e0041fae1234064fad0f22958be712f852fc6464e1beb3a724b4e",
      "internal_mirror_uri": null,
      "internal_mirror_digest": null
    },
    {
      "component": "moss_codec",
      "runtime_required": true,
      "model_repo": "OpenMOSS-Team/MOSS-Audio-Tokenizer-Nano-ONNX",
      "full_revision": "ceff0d0749bfb3fa2d61149794ec6feef0d1e1ae",
      "allowed_file_path": "codec_browser_onnx_meta.json",
      "bundle_path": "moss-codec/codec_browser_onnx_meta.json",
      "size_bytes": 17036,
      "sha256": "3e291c883bb7d11ff2fe8e964e3e495519760358859f35c951254c7741592731",
      "declared_spdx": "Apache-2.0",
      "license_file_sha256": null,
      "voice_manifest_sha256": "574e6acf03823c4cafdc43f106731ce5fce6de30228fe383831b8b9064ee0bd8",
      "dependency_lock_sha256": "f04d0713ee2e0041fae1234064fad0f22958be712f852fc6464e1beb3a724b4e",
      "internal_mirror_uri": null,
      "internal_mirror_digest": null
    },
    {
      "component": "moss_codec",
      "runtime_required": true,
      "model_repo": "OpenMOSS-Team/MOSS-Audio-Tokenizer-Nano-ONNX",
      "full_revision": "ceff0d0749bfb3fa2d61149794ec6feef0d1e1ae",
      "allowed_file_path": "moss_audio_tokenizer_decode_full.onnx",
      "bundle_path": "moss-codec/moss_audio_tokenizer_decode_full.onnx",
      "size_bytes": 681902,
      "sha256": "0fbbafe3fd4afa2a019af5c5ced204af6e2d1db044fa40f021525d2aee95b4ac",
      "declared_spdx": "Apache-2.0",
      "license_file_sha256": null,
      "voice_manifest_sha256": "574e6acf03823c4cafdc43f106731ce5fce6de30228fe383831b8b9064ee0bd8",
      "dependency_lock_sha256": "f04d0713ee2e0041fae1234064fad0f22958be712f852fc6464e1beb3a724b4e",
      "internal_mirror_uri": null,
      "internal_mirror_digest": null
    },
    {
      "component": "moss_codec",
      "runtime_required": true,
      "model_repo": "OpenMOSS-Team/MOSS-Audio-Tokenizer-Nano-ONNX",
      "full_revision": "ceff0d0749bfb3fa2d61149794ec6feef0d1e1ae",
      "allowed_file_path": "moss_audio_tokenizer_decode_shared.data",
      "bundle_path": "moss-codec/moss_audio_tokenizer_decode_shared.data",
      "size_bytes": 44198912,
      "sha256": "e69d52e0f4e84ca27850557ee54face46632d3a5a16c89bd246c7c408466dcad",
      "declared_spdx": "Apache-2.0",
      "license_file_sha256": null,
      "voice_manifest_sha256": "574e6acf03823c4cafdc43f106731ce5fce6de30228fe383831b8b9064ee0bd8",
      "dependency_lock_sha256": "f04d0713ee2e0041fae1234064fad0f22958be712f852fc6464e1beb3a724b4e",
      "internal_mirror_uri": null,
      "internal_mirror_digest": null
    },
    {
      "component": "moss_codec",
      "runtime_required": true,
      "model_repo": "OpenMOSS-Team/MOSS-Audio-Tokenizer-Nano-ONNX",
      "full_revision": "ceff0d0749bfb3fa2d61149794ec6feef0d1e1ae",
      "allowed_file_path": "moss_audio_tokenizer_decode_step.onnx",
      "bundle_path": "moss-codec/moss_audio_tokenizer_decode_step.onnx",
      "size_bytes": 351400,
      "sha256": "9527c86a29e1837edec1f74db57d5eeaadb3a715af3382703566460afed25855",
      "declared_spdx": "Apache-2.0",
      "license_file_sha256": null,
      "voice_manifest_sha256": "574e6acf03823c4cafdc43f106731ce5fce6de30228fe383831b8b9064ee0bd8",
      "dependency_lock_sha256": "f04d0713ee2e0041fae1234064fad0f22958be712f852fc6464e1beb3a724b4e",
      "internal_mirror_uri": null,
      "internal_mirror_digest": null
    }
  ]
}
